// !$*UTF8*$!
{
	archiveVersion = 1;
	classes = {
	};
	objectVersion = 51;
	objects = {

/* Begin PBXBuildFile section */
		4244ADE926230DAC00271BD0 /* AppDelegate.swift in Sources */ = {isa = PBXBuildFile; fileRef = 4244ADE826230DAC00271BD0 /* AppDelegate.swift */; };
		4244ADEB26230DAC00271BD0 /* SceneDelegate.swift in Sources */ = {isa = PBXBuildFile; fileRef = 4244ADEA26230DAC00271BD0 /* SceneDelegate.swift */; };
		4244ADED26230DAC00271BD0 /* CalculationController.swift in Sources */ = {isa = PBXBuildFile; fileRef = 4244ADEC26230DAC00271BD0 /* CalculationController.swift */; };
		4244ADF026230DAC00271BD0 /* Main.storyboard in Resources */ = {isa = PBXBuildFile; fileRef = 4244ADEE26230DAC00271BD0 /* Main.storyboard */; };
		4244ADF226230DB100271BD0 /* Assets.xcassets in Resources */ = {isa = PBXBuildFile; fileRef = 4244ADF126230DB100271BD0 /* Assets.xcassets */; };
		4244ADF526230DB100271BD0 /* LaunchScreen.storyboard in Resources */ = {isa = PBXBuildFile; fileRef = 4244ADF326230DB100271BD0 /* LaunchScreen.storyboard */; };
		4244AE0026230DB100271BD0 /* YouikuhiCalculationTests.swift in Sources */ = {isa = PBXBuildFile; fileRef = 4244ADFF26230DB100271BD0 /* YouikuhiCalculationTests.swift */; };
		4244AE0B26230DB100271BD0 /* YouikuhiCalculationUITests.swift in Sources */ = {isa = PBXBuildFile; fileRef = 4244AE0A26230DB100271BD0 /* YouikuhiCalculationUITests.swift */; };
		4244AE1F26231F9900271BD0 /* AppColor.swift in Sources */ = {isa = PBXBuildFile; fileRef = 4244AE1E26231F9900271BD0 /* AppColor.swift */; };
		4244AE2426231FE600271BD0 /* TabBarController.swift in Sources */ = {isa = PBXBuildFile; fileRef = 4244AE2326231FE600271BD0 /* TabBarController.swift */; };
		4244AE3A2623270800271BD0 /* InformationViewController.swift in Sources */ = {isa = PBXBuildFile; fileRef = 4244AE392623270800271BD0 /* InformationViewController.swift */; };
		428B8F5926287DBC003AFA07 /* CustomButton.swift in Sources */ = {isa = PBXBuildFile; fileRef = 428B8F5826287DBC003AFA07 /* CustomButton.swift */; };
		428B8F5E26288B24003AFA07 /* CaluculationRepository.swift in Sources */ = {isa = PBXBuildFile; fileRef = 428B8F5D26288B24003AFA07 /* CaluculationRepository.swift */; };
		BF6F00498F634A7EDB53585C /* Pods_YouikuhiCalculation_YouikuhiCalculationUITests.framework in Frameworks */ = {isa = PBXBuildFile; fileRef = 87B74F18AFFEF683F1036FD2 /* Pods_YouikuhiCalculation_YouikuhiCalculationUITests.framework */; };
		C574A66BCB439F0622D67EF3 /* Pods_YouikuhiCalculationTests.framework in Frameworks */ = {isa = PBXBuildFile; fileRef = F1CB56C5035E31386B437498 /* Pods_YouikuhiCalculationTests.framework */; };
		E7B3463938AC96A46C3D21B9 /* Pods_YouikuhiCalculation.framework in Frameworks */ = {isa = PBXBuildFile; fileRef = 962AF953F941D1C6CCE56797 /* Pods_YouikuhiCalculation.framework */; };
/* End PBXBuildFile section */

/* Begin PBXContainerItemProxy section */
		4244ADFC26230DB100271BD0 /* PBXContainerItemProxy */ = {
			isa = PBXContainerItemProxy;
			containerPortal = 4244ADDD26230DAC00271BD0 /* Project object */;
			proxyType = 1;
			remoteGlobalIDString = 4244ADE426230DAC00271BD0;
			remoteInfo = YouikuhiCalculation;
		};
		4244AE0726230DB100271BD0 /* PBXContainerItemProxy */ = {
			isa = PBXContainerItemProxy;
			containerPortal = 4244ADDD26230DAC00271BD0 /* Project object */;
			proxyType = 1;
			remoteGlobalIDString = 4244ADE426230DAC00271BD0;
			remoteInfo = YouikuhiCalculation;
		};
/* End PBXContainerItemProxy section */

/* Begin PBXFileReference section */
		4244ADE526230DAC00271BD0 /* YouikuhiCalculation.app */ = {isa = PBXFileReference; explicitFileType = wrapper.application; includeInIndex = 0; path = YouikuhiCalculation.app; sourceTree = BUILT_PRODUCTS_DIR; };
		4244ADE826230DAC00271BD0 /* AppDelegate.swift */ = {isa = PBXFileReference; lastKnownFileType = sourcecode.swift; path = AppDelegate.swift; sourceTree = "<group>"; };
		4244ADEA26230DAC00271BD0 /* SceneDelegate.swift */ = {isa = PBXFileReference; lastKnownFileType = sourcecode.swift; path = SceneDelegate.swift; sourceTree = "<group>"; };
		4244ADEC26230DAC00271BD0 /* CalculationController.swift */ = {isa = PBXFileReference; lastKnownFileType = sourcecode.swift; path = CalculationController.swift; sourceTree = "<group>"; };
		4244ADEF26230DAC00271BD0 /* Base */ = {isa = PBXFileReference; lastKnownFileType = file.storyboard; name = Base; path = Base.lproj/Main.storyboard; sourceTree = "<group>"; };
		4244ADF126230DB100271BD0 /* Assets.xcassets */ = {isa = PBXFileReference; lastKnownFileType = folder.assetcatalog; path = Assets.xcassets; sourceTree = "<group>"; };
		4244ADF426230DB100271BD0 /* Base */ = {isa = PBXFileReference; lastKnownFileType = file.storyboard; name = Base; path = Base.lproj/LaunchScreen.storyboard; sourceTree = "<group>"; };
		4244ADF626230DB100271BD0 /* Info.plist */ = {isa = PBXFileReference; lastKnownFileType = text.plist.xml; path = Info.plist; sourceTree = "<group>"; };
		4244ADFB26230DB100271BD0 /* YouikuhiCalculationTests.xctest */ = {isa = PBXFileReference; explicitFileType = wrapper.cfbundle; includeInIndex = 0; path = YouikuhiCalculationTests.xctest; sourceTree = BUILT_PRODUCTS_DIR; };
		4244ADFF26230DB100271BD0 /* YouikuhiCalculationTests.swift */ = {isa = PBXFileReference; lastKnownFileType = sourcecode.swift; path = YouikuhiCalculationTests.swift; sourceTree = "<group>"; };
		4244AE0126230DB100271BD0 /* Info.plist */ = {isa = PBXFileReference; lastKnownFileType = text.plist.xml; path = Info.plist; sourceTree = "<group>"; };
		4244AE0626230DB100271BD0 /* YouikuhiCalculationUITests.xctest */ = {isa = PBXFileReference; explicitFileType = wrapper.cfbundle; includeInIndex = 0; path = YouikuhiCalculationUITests.xctest; sourceTree = BUILT_PRODUCTS_DIR; };
		4244AE0A26230DB100271BD0 /* YouikuhiCalculationUITests.swift */ = {isa = PBXFileReference; lastKnownFileType = sourcecode.swift; path = YouikuhiCalculationUITests.swift; sourceTree = "<group>"; };
		4244AE0C26230DB100271BD0 /* Info.plist */ = {isa = PBXFileReference; lastKnownFileType = text.plist.xml; path = Info.plist; sourceTree = "<group>"; };
		4244AE1E26231F9900271BD0 /* AppColor.swift */ = {isa = PBXFileReference; lastKnownFileType = sourcecode.swift; path = AppColor.swift; sourceTree = "<group>"; };
		4244AE2326231FE600271BD0 /* TabBarController.swift */ = {isa = PBXFileReference; lastKnownFileType = sourcecode.swift; path = TabBarController.swift; sourceTree = "<group>"; };
		4244AE392623270800271BD0 /* InformationViewController.swift */ = {isa = PBXFileReference; lastKnownFileType = sourcecode.swift; path = InformationViewController.swift; sourceTree = "<group>"; };
		428B8F5826287DBC003AFA07 /* CustomButton.swift */ = {isa = PBXFileReference; lastKnownFileType = sourcecode.swift; path = CustomButton.swift; sourceTree = "<group>"; };
		428B8F5D26288B24003AFA07 /* CaluculationRepository.swift */ = {isa = PBXFileReference; lastKnownFileType = sourcecode.swift; path = CaluculationRepository.swift; sourceTree = "<group>"; };
		5056F2A9C7434047EF6F32D1 /* Pods-YouikuhiCalculation-YouikuhiCalculationUITests.release.xcconfig */ = {isa = PBXFileReference; includeInIndex = 1; lastKnownFileType = text.xcconfig; name = "Pods-YouikuhiCalculation-YouikuhiCalculationUITests.release.xcconfig"; path = "Target Support Files/Pods-YouikuhiCalculation-YouikuhiCalculationUITests/Pods-YouikuhiCalculation-YouikuhiCalculationUITests.release.xcconfig"; sourceTree = "<group>"; };
		6FC7C5C15B6BB094690B1BF2 /* Pods-YouikuhiCalculation.release.xcconfig */ = {isa = PBXFileReference; includeInIndex = 1; lastKnownFileType = text.xcconfig; name = "Pods-YouikuhiCalculation.release.xcconfig"; path = "Target Support Files/Pods-YouikuhiCalculation/Pods-YouikuhiCalculation.release.xcconfig"; sourceTree = "<group>"; };
		84AE07137C82B698AC8CDE0D /* Pods-YouikuhiCalculationTests.release.xcconfig */ = {isa = PBXFileReference; includeInIndex = 1; lastKnownFileType = text.xcconfig; name = "Pods-YouikuhiCalculationTests.release.xcconfig"; path = "Target Support Files/Pods-YouikuhiCalculationTests/Pods-YouikuhiCalculationTests.release.xcconfig"; sourceTree = "<group>"; };
		868A7484B26F69E0CC198357 /* Pods-YouikuhiCalculation-YouikuhiCalculationUITests.debug.xcconfig */ = {isa = PBXFileReference; includeInIndex = 1; lastKnownFileType = text.xcconfig; name = "Pods-YouikuhiCalculation-YouikuhiCalculationUITests.debug.xcconfig"; path = "Target Support Files/Pods-YouikuhiCalculation-YouikuhiCalculationUITests/Pods-YouikuhiCalculation-YouikuhiCalculationUITests.debug.xcconfig"; sourceTree = "<group>"; };
		87B74F18AFFEF683F1036FD2 /* Pods_YouikuhiCalculation_YouikuhiCalculationUITests.framework */ = {isa = PBXFileReference; explicitFileType = wrapper.framework; includeInIndex = 0; path = Pods_YouikuhiCalculation_YouikuhiCalculationUITests.framework; sourceTree = BUILT_PRODUCTS_DIR; };
		962AF953F941D1C6CCE56797 /* Pods_YouikuhiCalculation.framework */ = {isa = PBXFileReference; explicitFileType = wrapper.framework; includeInIndex = 0; path = Pods_YouikuhiCalculation.framework; sourceTree = BUILT_PRODUCTS_DIR; };
		CBFE98CF4F79236AD8B30BBD /* Pods-YouikuhiCalculation.debug.xcconfig */ = {isa = PBXFileReference; includeInIndex = 1; lastKnownFileType = text.xcconfig; name = "Pods-YouikuhiCalculation.debug.xcconfig"; path = "Target Support Files/Pods-YouikuhiCalculation/Pods-YouikuhiCalculation.debug.xcconfig"; sourceTree = "<group>"; };
		D7CAC805166FB576B1E0DC0D /* Pods-YouikuhiCalculationTests.debug.xcconfig */ = {isa = PBXFileReference; includeInIndex = 1; lastKnownFileType = text.xcconfig; name = "Pods-YouikuhiCalculationTests.debug.xcconfig"; path = "Target Support Files/Pods-YouikuhiCalculationTests/Pods-YouikuhiCalculationTests.debug.xcconfig"; sourceTree = "<group>"; };
		F1CB56C5035E31386B437498 /* Pods_YouikuhiCalculationTests.framework */ = {isa = PBXFileReference; explicitFileType = wrapper.framework; includeInIndex = 0; path = Pods_YouikuhiCalculationTests.framework; sourceTree = BUILT_PRODUCTS_DIR; };
/* End PBXFileReference section */

/* Begin PBXFrameworksBuildPhase section */
		4244ADE226230DAC00271BD0 /* Frameworks */ = {
			isa = PBXFrameworksBuildPhase;
			buildActionMask = 2147483647;
			files = (
				E7B3463938AC96A46C3D21B9 /* Pods_YouikuhiCalculation.framework in Frameworks */,
			);
			runOnlyForDeploymentPostprocessing = 0;
		};
		4244ADF826230DB100271BD0 /* Frameworks */ = {
			isa = PBXFrameworksBuildPhase;
			buildActionMask = 2147483647;
			files = (
				C574A66BCB439F0622D67EF3 /* Pods_YouikuhiCalculationTests.framework in Frameworks */,
			);
			runOnlyForDeploymentPostprocessing = 0;
		};
		4244AE0326230DB100271BD0 /* Frameworks */ = {
			isa = PBXFrameworksBuildPhase;
			buildActionMask = 2147483647;
			files = (
				BF6F00498F634A7EDB53585C /* Pods_YouikuhiCalculation_YouikuhiCalculationUITests.framework in Frameworks */,
			);
			runOnlyForDeploymentPostprocessing = 0;
		};
/* End PBXFrameworksBuildPhase section */

/* Begin PBXGroup section */
		4244ADDC26230DAC00271BD0 = {
			isa = PBXGroup;
			children = (
				4244ADE726230DAC00271BD0 /* YouikuhiCalculation */,
				4244ADFE26230DB100271BD0 /* YouikuhiCalculationTests */,
				4244AE0926230DB100271BD0 /* YouikuhiCalculationUITests */,
				4244ADE626230DAC00271BD0 /* Products */,
				74E4B3D1EBE02B9A038FB451 /* Pods */,
				ECA7A632E883146ADD16C1EB /* Frameworks */,
			);
			sourceTree = "<group>";
		};
		4244ADE626230DAC00271BD0 /* Products */ = {
			isa = PBXGroup;
			children = (
				4244ADE526230DAC00271BD0 /* YouikuhiCalculation.app */,
				4244ADFB26230DB100271BD0 /* YouikuhiCalculationTests.xctest */,
				4244AE0626230DB100271BD0 /* YouikuhiCalculationUITests.xctest */,
			);
			name = Products;
			sourceTree = "<group>";
		};
		4244ADE726230DAC00271BD0 /* YouikuhiCalculation */ = {
			isa = PBXGroup;
			children = (
				4244AE29262320EF00271BD0 /* FrontEnd */,
				4244AE28262320D500271BD0 /* BackEnd */,
				4244ADEE26230DAC00271BD0 /* Main.storyboard */,
				4244ADF126230DB100271BD0 /* Assets.xcassets */,
				4244ADF326230DB100271BD0 /* LaunchScreen.storyboard */,
				4244ADF626230DB100271BD0 /* Info.plist */,
			);
			path = YouikuhiCalculation;
			sourceTree = "<group>";
		};
		4244ADFE26230DB100271BD0 /* YouikuhiCalculationTests */ = {
			isa = PBXGroup;
			children = (
				4244ADFF26230DB100271BD0 /* YouikuhiCalculationTests.swift */,
				4244AE0126230DB100271BD0 /* Info.plist */,
			);
			path = YouikuhiCalculationTests;
			sourceTree = "<group>";
		};
		4244AE0926230DB100271BD0 /* YouikuhiCalculationUITests */ = {
			isa = PBXGroup;
			children = (
				4244AE0A26230DB100271BD0 /* YouikuhiCalculationUITests.swift */,
				4244AE0C26230DB100271BD0 /* Info.plist */,
			);
			path = YouikuhiCalculationUITests;
			sourceTree = "<group>";
		};
		4244AE28262320D500271BD0 /* BackEnd */ = {
			isa = PBXGroup;
			children = (
				4244ADE826230DAC00271BD0 /* AppDelegate.swift */,
				4244AE1E26231F9900271BD0 /* AppColor.swift */,
				4244ADEA26230DAC00271BD0 /* SceneDelegate.swift */,
			);
			path = BackEnd;
			sourceTree = "<group>";
		};
		4244AE29262320EF00271BD0 /* FrontEnd */ = {
			isa = PBXGroup;
			children = (
				4244AE2326231FE600271BD0 /* TabBarController.swift */,
				4244ADEC26230DAC00271BD0 /* CalculationController.swift */,
				428B8F5D26288B24003AFA07 /* CaluculationRepository.swift */,
				428B8F5826287DBC003AFA07 /* CustomButton.swift */,
				4244AE392623270800271BD0 /* InformationViewController.swift */,
			);
			path = FrontEnd;
			sourceTree = "<group>";
		};
		74E4B3D1EBE02B9A038FB451 /* Pods */ = {
			isa = PBXGroup;
			children = (
				CBFE98CF4F79236AD8B30BBD /* Pods-YouikuhiCalculation.debug.xcconfig */,
				6FC7C5C15B6BB094690B1BF2 /* Pods-YouikuhiCalculation.release.xcconfig */,
				868A7484B26F69E0CC198357 /* Pods-YouikuhiCalculation-YouikuhiCalculationUITests.debug.xcconfig */,
				5056F2A9C7434047EF6F32D1 /* Pods-YouikuhiCalculation-YouikuhiCalculationUITests.release.xcconfig */,
				D7CAC805166FB576B1E0DC0D /* Pods-YouikuhiCalculationTests.debug.xcconfig */,
				84AE07137C82B698AC8CDE0D /* Pods-YouikuhiCalculationTests.release.xcconfig */,
			);
			path = Pods;
			sourceTree = "<group>";
		};
		ECA7A632E883146ADD16C1EB /* Frameworks */ = {
			isa = PBXGroup;
			children = (
				962AF953F941D1C6CCE56797 /* Pods_YouikuhiCalculation.framework */,
				87B74F18AFFEF683F1036FD2 /* Pods_YouikuhiCalculation_YouikuhiCalculationUITests.framework */,
				F1CB56C5035E31386B437498 /* Pods_YouikuhiCalculationTests.framework */,
			);
			name = Frameworks;
			sourceTree = "<group>";
		};
/* End PBXGroup section */

/* Begin PBXNativeTarget section */
		4244ADE426230DAC00271BD0 /* YouikuhiCalculation */ = {
			isa = PBXNativeTarget;
			buildConfigurationList = 4244AE0F26230DB100271BD0 /* Build configuration list for PBXNativeTarget "YouikuhiCalculation" */;
			buildPhases = (
				777249C8B1AB45E891BA2A2F /* [CP] Check Pods Manifest.lock */,
				4244ADE126230DAC00271BD0 /* Sources */,
				4244ADE226230DAC00271BD0 /* Frameworks */,
				4244ADE326230DAC00271BD0 /* Resources */,
				C35058859072A1B6915A5E1C /* [CP] Embed Pods Frameworks */,
			);
			buildRules = (
			);
			dependencies = (
			);
			name = YouikuhiCalculation;
			productName = YouikuhiCalculation;
			productReference = 4244ADE526230DAC00271BD0 /* YouikuhiCalculation.app */;
			productType = "com.apple.product-type.application";
		};
		4244ADFA26230DB100271BD0 /* YouikuhiCalculationTests */ = {
			isa = PBXNativeTarget;
			buildConfigurationList = 4244AE1226230DB100271BD0 /* Build configuration list for PBXNativeTarget "YouikuhiCalculationTests" */;
			buildPhases = (
				B9485120F1C2405D95CE2DE7 /* [CP] Check Pods Manifest.lock */,
				4244ADF726230DB100271BD0 /* Sources */,
				4244ADF826230DB100271BD0 /* Frameworks */,
				4244ADF926230DB100271BD0 /* Resources */,
			);
			buildRules = (
			);
			dependencies = (
				4244ADFD26230DB100271BD0 /* PBXTargetDependency */,
			);
			name = YouikuhiCalculationTests;
			productName = YouikuhiCalculationTests;
			productReference = 4244ADFB26230DB100271BD0 /* YouikuhiCalculationTests.xctest */;
			productType = "com.apple.product-type.bundle.unit-test";
		};
		4244AE0526230DB100271BD0 /* YouikuhiCalculationUITests */ = {
			isa = PBXNativeTarget;
			buildConfigurationList = 4244AE1526230DB100271BD0 /* Build configuration list for PBXNativeTarget "YouikuhiCalculationUITests" */;
			buildPhases = (
				35AF79AE51F443212133F78C /* [CP] Check Pods Manifest.lock */,
				4244AE0226230DB100271BD0 /* Sources */,
				4244AE0326230DB100271BD0 /* Frameworks */,
				4244AE0426230DB100271BD0 /* Resources */,
				57C2D6A3616C7A4DB812D1C1 /* [CP] Embed Pods Frameworks */,
			);
			buildRules = (
			);
			dependencies = (
				4244AE0826230DB100271BD0 /* PBXTargetDependency */,
			);
			name = YouikuhiCalculationUITests;
			productName = YouikuhiCalculationUITests;
			productReference = 4244AE0626230DB100271BD0 /* YouikuhiCalculationUITests.xctest */;
			productType = "com.apple.product-type.bundle.ui-testing";
		};
/* End PBXNativeTarget section */

/* Begin PBXProject section */
		4244ADDD26230DAC00271BD0 /* Project object */ = {
			isa = PBXProject;
			attributes = {
				LastSwiftUpdateCheck = 1220;
				LastUpgradeCheck = 1220;
				TargetAttributes = {
					4244ADE426230DAC00271BD0 = {
						CreatedOnToolsVersion = 12.2;
					};
					4244ADFA26230DB100271BD0 = {
						CreatedOnToolsVersion = 12.2;
						TestTargetID = 4244ADE426230DAC00271BD0;
					};
					4244AE0526230DB100271BD0 = {
						CreatedOnToolsVersion = 12.2;
						TestTargetID = 4244ADE426230DAC00271BD0;
					};
				};
			};
			buildConfigurationList = 4244ADE026230DAC00271BD0 /* Build configuration list for PBXProject "YouikuhiCalculation" */;
			compatibilityVersion = "Xcode 9.3";
			developmentRegion = en;
			hasScannedForEncodings = 0;
			knownRegions = (
				en,
				Base,
			);
			mainGroup = 4244ADDC26230DAC00271BD0;
			productRefGroup = 4244ADE626230DAC00271BD0 /* Products */;
			projectDirPath = "";
			projectRoot = "";
			targets = (
				4244ADE426230DAC00271BD0 /* YouikuhiCalculation */,
				4244ADFA26230DB100271BD0 /* YouikuhiCalculationTests */,
				4244AE0526230DB100271BD0 /* YouikuhiCalculationUITests */,
			);
		};
/* End PBXProject section */

/* Begin PBXResourcesBuildPhase section */
		4244ADE326230DAC00271BD0 /* Resources */ = {
			isa = PBXResourcesBuildPhase;
			buildActionMask = 2147483647;
			files = (
				4244ADF526230DB100271BD0 /* LaunchScreen.storyboard in Resources */,
				4244ADF226230DB100271BD0 /* Assets.xcassets in Resources */,
				4244ADF026230DAC00271BD0 /* Main.storyboard in Resources */,
			);
			runOnlyForDeploymentPostprocessing = 0;
		};
		4244ADF926230DB100271BD0 /* Resources */ = {
			isa = PBXResourcesBuildPhase;
			buildActionMask = 2147483647;
			files = (
			);
			runOnlyForDeploymentPostprocessing = 0;
		};
		4244AE0426230DB100271BD0 /* Resources */ = {
			isa = PBXResourcesBuildPhase;
			buildActionMask = 2147483647;
			files = (
			);
			runOnlyForDeploymentPostprocessing = 0;
		};
/* End PBXResourcesBuildPhase section */

/* Begin PBXShellScriptBuildPhase section */
		35AF79AE51F443212133F78C /* [CP] Check Pods Manifest.lock */ = {
			isa = PBXShellScriptBuildPhase;
			buildActionMask = 2147483647;
			files = (
			);
			inputFileListPaths = (
			);
			inputPaths = (
				"${PODS_PODFILE_DIR_PATH}/Podfile.lock",
				"${PODS_ROOT}/Manifest.lock",
			);
			name = "[CP] Check Pods Manifest.lock";
			outputFileListPaths = (
			);
			outputPaths = (
				"$(DERIVED_FILE_DIR)/Pods-YouikuhiCalculation-YouikuhiCalculationUITests-checkManifestLockResult.txt",
			);
			runOnlyForDeploymentPostprocessing = 0;
			shellPath = /bin/sh;
			shellScript = "diff \"${PODS_PODFILE_DIR_PATH}/Podfile.lock\" \"${PODS_ROOT}/Manifest.lock\" > /dev/null\nif [ $? != 0 ] ; then\n    # print error to STDERR\n    echo \"error: The sandbox is not in sync with the Podfile.lock. Run 'pod install' or update your CocoaPods installation.\" >&2\n    exit 1\nfi\n# This output is used by Xcode 'outputs' to avoid re-running this script phase.\necho \"SUCCESS\" > \"${SCRIPT_OUTPUT_FILE_0}\"\n";
			showEnvVarsInLog = 0;
		};
		57C2D6A3616C7A4DB812D1C1 /* [CP] Embed Pods Frameworks */ = {
			isa = PBXShellScriptBuildPhase;
			buildActionMask = 2147483647;
			files = (
			);
			inputFileListPaths = (
				"${PODS_ROOT}/Target Support Files/Pods-YouikuhiCalculation-YouikuhiCalculationUITests/Pods-YouikuhiCalculation-YouikuhiCalculationUITests-frameworks-${CONFIGURATION}-input-files.xcfilelist",
			);
			name = "[CP] Embed Pods Frameworks";
			outputFileListPaths = (
				"${PODS_ROOT}/Target Support Files/Pods-YouikuhiCalculation-YouikuhiCalculationUITests/Pods-YouikuhiCalculation-YouikuhiCalculationUITests-frameworks-${CONFIGURATION}-output-files.xcfilelist",
			);
			runOnlyForDeploymentPostprocessing = 0;
			shellPath = /bin/sh;
			shellScript = "\"${PODS_ROOT}/Target Support Files/Pods-YouikuhiCalculation-YouikuhiCalculationUITests/Pods-YouikuhiCalculation-YouikuhiCalculationUITests-frameworks.sh\"\n";
			showEnvVarsInLog = 0;
		};
		777249C8B1AB45E891BA2A2F /* [CP] Check Pods Manifest.lock */ = {
			isa = PBXShellScriptBuildPhase;
			buildActionMask = 2147483647;
			files = (
			);
			inputFileListPaths = (
			);
			inputPaths = (
				"${PODS_PODFILE_DIR_PATH}/Podfile.lock",
				"${PODS_ROOT}/Manifest.lock",
			);
			name = "[CP] Check Pods Manifest.lock";
			outputFileListPaths = (
			);
			outputPaths = (
				"$(DERIVED_FILE_DIR)/Pods-YouikuhiCalculation-checkManifestLockResult.txt",
			);
			runOnlyForDeploymentPostprocessing = 0;
			shellPath = /bin/sh;
			shellScript = "diff \"${PODS_PODFILE_DIR_PATH}/Podfile.lock\" \"${PODS_ROOT}/Manifest.lock\" > /dev/null\nif [ $? != 0 ] ; then\n    # print error to STDERR\n    echo \"error: The sandbox is not in sync with the Podfile.lock. Run 'pod install' or update your CocoaPods installation.\" >&2\n    exit 1\nfi\n# This output is used by Xcode 'outputs' to avoid re-running this script phase.\necho \"SUCCESS\" > \"${SCRIPT_OUTPUT_FILE_0}\"\n";
			showEnvVarsInLog = 0;
		};
		B9485120F1C2405D95CE2DE7 /* [CP] Check Pods Manifest.lock */ = {
			isa = PBXShellScriptBuildPhase;
			buildActionMask = 2147483647;
			files = (
			);
			inputFileListPaths = (
			);
			inputPaths = (
				"${PODS_PODFILE_DIR_PATH}/Podfile.lock",
				"${PODS_ROOT}/Manifest.lock",
			);
			name = "[CP] Check Pods Manifest.lock";
			outputFileListPaths = (
			);
			outputPaths = (
				"$(DERIVED_FILE_DIR)/Pods-YouikuhiCalculationTests-checkManifestLockResult.txt",
			);
			runOnlyForDeploymentPostprocessing = 0;
			shellPath = /bin/sh;
			shellScript = "diff \"${PODS_PODFILE_DIR_PATH}/Podfile.lock\" \"${PODS_ROOT}/Manifest.lock\" > /dev/null\nif [ $? != 0 ] ; then\n    # print error to STDERR\n    echo \"error: The sandbox is not in sync with the Podfile.lock. Run 'pod install' or update your CocoaPods installation.\" >&2\n    exit 1\nfi\n# This output is used by Xcode 'outputs' to avoid re-running this script phase.\necho \"SUCCESS\" > \"${SCRIPT_OUTPUT_FILE_0}\"\n";
			showEnvVarsInLog = 0;
		};
		C35058859072A1B6915A5E1C /* [CP] Embed Pods Frameworks */ = {
			isa = PBXShellScriptBuildPhase;
			buildActionMask = 2147483647;
			files = (
			);
			inputFileListPaths = (
				"${PODS_ROOT}/Target Support Files/Pods-YouikuhiCalculation/Pods-YouikuhiCalculation-frameworks-${CONFIGURATION}-input-files.xcfilelist",
			);
			name = "[CP] Embed Pods Frameworks";
			outputFileListPaths = (
				"${PODS_ROOT}/Target Support Files/Pods-YouikuhiCalculation/Pods-YouikuhiCalculation-frameworks-${CONFIGURATION}-output-files.xcfilelist",
			);
			runOnlyForDeploymentPostprocessing = 0;
			shellPath = /bin/sh;
			shellScript = "\"${PODS_ROOT}/Target Support Files/Pods-YouikuhiCalculation/Pods-YouikuhiCalculation-frameworks.sh\"\n";
			showEnvVarsInLog = 0;
		};
/* End PBXShellScriptBuildPhase section */

/* Begin PBXSourcesBuildPhase section */
		4244ADE126230DAC00271BD0 /* Sources */ = {
			isa = PBXSourcesBuildPhase;
			buildActionMask = 2147483647;
			files = (
				4244ADED26230DAC00271BD0 /* CalculationController.swift in Sources */,
				4244AE1F26231F9900271BD0 /* AppColor.swift in Sources */,
				4244ADE926230DAC00271BD0 /* AppDelegate.swift in Sources */,
				4244AE2426231FE600271BD0 /* TabBarController.swift in Sources */,
				428B8F5926287DBC003AFA07 /* CustomButton.swift in Sources */,
				4244ADEB26230DAC00271BD0 /* SceneDelegate.swift in Sources */,
				4244AE3A2623270800271BD0 /* InformationViewController.swift in Sources */,
				428B8F5E26288B24003AFA07 /* CaluculationRepository.swift in Sources */,
			);
			runOnlyForDeploymentPostprocessing = 0;
		};
		4244ADF726230DB100271BD0 /* Sources */ = {
			isa = PBXSourcesBuildPhase;
			buildActionMask = 2147483647;
			files = (
				4244AE0026230DB100271BD0 /* YouikuhiCalculationTests.swift in Sources */,
			);
			runOnlyForDeploymentPostprocessing = 0;
		};
		4244AE0226230DB100271BD0 /* Sources */ = {
			isa = PBXSourcesBuildPhase;
			buildActionMask = 2147483647;
			files = (
				4244AE0B26230DB100271BD0 /* YouikuhiCalculationUITests.swift in Sources */,
			);
			runOnlyForDeploymentPostprocessing = 0;
		};
/* End PBXSourcesBuildPhase section */

/* Begin PBXTargetDependency section */
		4244ADFD26230DB100271BD0 /* PBXTargetDependency */ = {
			isa = PBXTargetDependency;
			target = 4244ADE426230DAC00271BD0 /* YouikuhiCalculation */;
			targetProxy = 4244ADFC26230DB100271BD0 /* PBXContainerItemProxy */;
		};
		4244AE0826230DB100271BD0 /* PBXTargetDependency */ = {
			isa = PBXTargetDependency;
			target = 4244ADE426230DAC00271BD0 /* YouikuhiCalculation */;
			targetProxy = 4244AE0726230DB100271BD0 /* PBXContainerItemProxy */;
		};
/* End PBXTargetDependency section */

/* Begin PBXVariantGroup section */
		4244ADEE26230DAC00271BD0 /* Main.storyboard */ = {
			isa = PBXVariantGroup;
			children = (
				4244ADEF26230DAC00271BD0 /* Base */,
			);
			name = Main.storyboard;
			sourceTree = "<group>";
		};
		4244ADF326230DB100271BD0 /* LaunchScreen.storyboard */ = {
			isa = PBXVariantGroup;
			children = (
				4244ADF426230DB100271BD0 /* Base */,
			);
			name = LaunchScreen.storyboard;
			sourceTree = "<group>";
		};
/* End PBXVariantGroup section */

/* Begin XCBuildConfiguration section */
		4244AE0D26230DB100271BD0 /* Debug */ = {
			isa = XCBuildConfiguration;
			buildSettings = {
				ALWAYS_SEARCH_USER_PATHS = NO;
				CLANG_ANALYZER_NONNULL = YES;
				CLANG_ANALYZER_NUMBER_OBJECT_CONVERSION = YES_AGGRESSIVE;
				CLANG_CXX_LANGUAGE_STANDARD = "gnu++14";
				CLANG_CXX_LIBRARY = "libc++";
				CLANG_ENABLE_MODULES = YES;
				CLANG_ENABLE_OBJC_ARC = YES;
				CLANG_ENABLE_OBJC_WEAK = YES;
				CLANG_WARN_BLOCK_CAPTURE_AUTORELEASING = YES;
				CLANG_WARN_BOOL_CONVERSION = YES;
				CLANG_WARN_COMMA = YES;
				CLANG_WARN_CONSTANT_CONVERSION = YES;
				CLANG_WARN_DEPRECATED_OBJC_IMPLEMENTATIONS = YES;
				CLANG_WARN_DIRECT_OBJC_ISA_USAGE = YES_ERROR;
				CLANG_WARN_DOCUMENTATION_COMMENTS = YES;
				CLANG_WARN_EMPTY_BODY = YES;
				CLANG_WARN_ENUM_CONVERSION = YES;
				CLANG_WARN_INFINITE_RECURSION = YES;
				CLANG_WARN_INT_CONVERSION = YES;
				CLANG_WARN_NON_LITERAL_NULL_CONVERSION = YES;
				CLANG_WARN_OBJC_IMPLICIT_RETAIN_SELF = YES;
				CLANG_WARN_OBJC_LITERAL_CONVERSION = YES;
				CLANG_WARN_OBJC_ROOT_CLASS = YES_ERROR;
				CLANG_WARN_QUOTED_INCLUDE_IN_FRAMEWORK_HEADER = YES;
				CLANG_WARN_RANGE_LOOP_ANALYSIS = YES;
				CLANG_WARN_STRICT_PROTOTYPES = YES;
				CLANG_WARN_SUSPICIOUS_MOVE = YES;
				CLANG_WARN_UNGUARDED_AVAILABILITY = YES_AGGRESSIVE;
				CLANG_WARN_UNREACHABLE_CODE = YES;
				CLANG_WARN__DUPLICATE_METHOD_MATCH = YES;
				COPY_PHASE_STRIP = NO;
				DEBUG_INFORMATION_FORMAT = dwarf;
				ENABLE_STRICT_OBJC_MSGSEND = YES;
				ENABLE_TESTABILITY = YES;
				GCC_C_LANGUAGE_STANDARD = gnu11;
				GCC_DYNAMIC_NO_PIC = NO;
				GCC_NO_COMMON_BLOCKS = YES;
				GCC_OPTIMIZATION_LEVEL = 0;
				GCC_PREPROCESSOR_DEFINITIONS = (
					"DEBUG=1",
					"$(inherited)",
				);
				GCC_WARN_64_TO_32_BIT_CONVERSION = YES;
				GCC_WARN_ABOUT_RETURN_TYPE = YES_ERROR;
				GCC_WARN_UNDECLARED_SELECTOR = YES;
				GCC_WARN_UNINITIALIZED_AUTOS = YES_AGGRESSIVE;
				GCC_WARN_UNUSED_FUNCTION = YES;
				GCC_WARN_UNUSED_VARIABLE = YES;
				IPHONEOS_DEPLOYMENT_TARGET = 13.0;
				MTL_ENABLE_DEBUG_INFO = INCLUDE_SOURCE;
				MTL_FAST_MATH = YES;
				ONLY_ACTIVE_ARCH = YES;
				SDKROOT = iphoneos;
				SWIFT_ACTIVE_COMPILATION_CONDITIONS = DEBUG;
				SWIFT_OPTIMIZATION_LEVEL = "-Onone";
			};
			name = Debug;
		};
		4244AE0E26230DB100271BD0 /* Release */ = {
			isa = XCBuildConfiguration;
			buildSettings = {
				ALWAYS_SEARCH_USER_PATHS = NO;
				CLANG_ANALYZER_NONNULL = YES;
				CLANG_ANALYZER_NUMBER_OBJECT_CONVERSION = YES_AGGRESSIVE;
				CLANG_CXX_LANGUAGE_STANDARD = "gnu++14";
				CLANG_CXX_LIBRARY = "libc++";
				CLANG_ENABLE_MODULES = YES;
				CLANG_ENABLE_OBJC_ARC = YES;
				CLANG_ENABLE_OBJC_WEAK = YES;
				CLANG_WARN_BLOCK_CAPTURE_AUTORELEASING = YES;
				CLANG_WARN_BOOL_CONVERSION = YES;
				CLANG_WARN_COMMA = YES;
				CLANG_WARN_CONSTANT_CONVERSION = YES;
				CLANG_WARN_DEPRECATED_OBJC_IMPLEMENTATIONS = YES;
				CLANG_WARN_DIRECT_OBJC_ISA_USAGE = YES_ERROR;
				CLANG_WARN_DOCUMENTATION_COMMENTS = YES;
				CLANG_WARN_EMPTY_BODY = YES;
				CLANG_WARN_ENUM_CONVERSION = YES;
				CLANG_WARN_INFINITE_RECURSION = YES;
				CLANG_WARN_INT_CONVERSION = YES;
				CLANG_WARN_NON_LITERAL_NULL_CONVERSION = YES;
				CLANG_WARN_OBJC_IMPLICIT_RETAIN_SELF = YES;
				CLANG_WARN_OBJC_LITERAL_CONVERSION = YES;
				CLANG_WARN_OBJC_ROOT_CLASS = YES_ERROR;
				CLANG_WARN_QUOTED_INCLUDE_IN_FRAMEWORK_HEADER = YES;
				CLANG_WARN_RANGE_LOOP_ANALYSIS = YES;
				CLANG_WARN_STRICT_PROTOTYPES = YES;
				CLANG_WARN_SUSPICIOUS_MOVE = YES;
				CLANG_WARN_UNGUARDED_AVAILABILITY = YES_AGGRESSIVE;
				CLANG_WARN_UNREACHABLE_CODE = YES;
				CLANG_WARN__DUPLICATE_METHOD_MATCH = YES;
				COPY_PHASE_STRIP = NO;
				DEBUG_INFORMATION_FORMAT = "dwarf-with-dsym";
				ENABLE_NS_ASSERTIONS = NO;
				ENABLE_STRICT_OBJC_MSGSEND = YES;
				GCC_C_LANGUAGE_STANDARD = gnu11;
				GCC_NO_COMMON_BLOCKS = YES;
				GCC_WARN_64_TO_32_BIT_CONVERSION = YES;
				GCC_WARN_ABOUT_RETURN_TYPE = YES_ERROR;
				GCC_WARN_UNDECLARED_SELECTOR = YES;
				GCC_WARN_UNINITIALIZED_AUTOS = YES_AGGRESSIVE;
				GCC_WARN_UNUSED_FUNCTION = YES;
				GCC_WARN_UNUSED_VARIABLE = YES;
				IPHONEOS_DEPLOYMENT_TARGET = 13.0;
				MTL_ENABLE_DEBUG_INFO = NO;
				MTL_FAST_MATH = YES;
				SDKROOT = iphoneos;
				SWIFT_COMPILATION_MODE = wholemodule;
				SWIFT_OPTIMIZATION_LEVEL = "-O";
				VALIDATE_PRODUCT = YES;
			};
			name = Release;
		};
		4244AE1026230DB100271BD0 /* Debug */ = {
			isa = XCBuildConfiguration;
			baseConfigurationReference = CBFE98CF4F79236AD8B30BBD /* Pods-YouikuhiCalculation.debug.xcconfig */;
			buildSettings = {
				ASSETCATALOG_COMPILER_APPICON_NAME = AppIcon;
				ASSETCATALOG_COMPILER_GLOBAL_ACCENT_COLOR_NAME = AccentColor;
				CODE_SIGN_IDENTITY = "iPhone Developer";
				CODE_SIGN_STYLE = Manual;
				DEVELOPMENT_TEAM = T92U5TKB4F;
				INFOPLIST_FILE = YouikuhiCalculation/Info.plist;
				LD_RUNPATH_SEARCH_PATHS = (
					"$(inherited)",
					"@executable_path/Frameworks",
				);
				MARKETING_VERSION = 1.6;
				PRODUCT_BUNDLE_IDENTIFIER = com.table.YouikuhiCalculation;
				PRODUCT_NAME = "$(TARGET_NAME)";
				PROVISIONING_PROFILE_SPECIFIER = YouikuhiDevelop;
				SWIFT_VERSION = 5.0;
				TARGETED_DEVICE_FAMILY = 1;
			};
			name = Debug;
		};
		4244AE1126230DB100271BD0 /* Release */ = {
			isa = XCBuildConfiguration;
			baseConfigurationReference = 6FC7C5C15B6BB094690B1BF2 /* Pods-YouikuhiCalculation.release.xcconfig */;
			buildSettings = {
				ASSETCATALOG_COMPILER_APPICON_NAME = AppIcon;
				ASSETCATALOG_COMPILER_GLOBAL_ACCENT_COLOR_NAME = AccentColor;
				CODE_SIGN_IDENTITY = "iPhone Developer";
				CODE_SIGN_STYLE = Manual;
				DEVELOPMENT_TEAM = T92U5TKB4F;
				INFOPLIST_FILE = YouikuhiCalculation/Info.plist;
				LD_RUNPATH_SEARCH_PATHS = (
					"$(inherited)",
					"@executable_path/Frameworks",
				);
				MARKETING_VERSION = 1.6;
				PRODUCT_BUNDLE_IDENTIFIER = com.table.YouikuhiCalculation;
				PRODUCT_NAME = "$(TARGET_NAME)";
				PROVISIONING_PROFILE_SPECIFIER = YouikuhiDevelop;
				SWIFT_VERSION = 5.0;
				TARGETED_DEVICE_FAMILY = 1;
			};
			name = Release;
		};
		4244AE1326230DB100271BD0 /* Debug */ = {
			isa = XCBuildConfiguration;
			baseConfigurationReference = D7CAC805166FB576B1E0DC0D /* Pods-YouikuhiCalculationTests.debug.xcconfig */;
			buildSettings = {
				ALWAYS_EMBED_SWIFT_STANDARD_LIBRARIES = YES;
				BUNDLE_LOADER = "$(TEST_HOST)";
				CODE_SIGN_STYLE = Automatic;
				DEVELOPMENT_TEAM = T92U5TKB4F;
				INFOPLIST_FILE = YouikuhiCalculationTests/Info.plist;
				IPHONEOS_DEPLOYMENT_TARGET = 14.2;
				LD_RUNPATH_SEARCH_PATHS = (
					"$(inherited)",
					"@executable_path/Frameworks",
					"@loader_path/Frameworks",
				);
				PRODUCT_BUNDLE_IDENTIFIER = com.table.YouikuhiCalculationTests;
				PRODUCT_NAME = "$(TARGET_NAME)";
				SWIFT_VERSION = 5.0;
				TARGETED_DEVICE_FAMILY = "1,2";
				TEST_HOST = "$(BUILT_PRODUCTS_DIR)/YouikuhiCalculation.app/YouikuhiCalculation";
			};
			name = Debug;
		};
		4244AE1426230DB100271BD0 /* Release */ = {
			isa = XCBuildConfiguration;
			baseConfigurationReference = 84AE07137C82B698AC8CDE0D /* Pods-YouikuhiCalculationTests.release.xcconfig */;
			buildSettings = {
				ALWAYS_EMBED_SWIFT_STANDARD_LIBRARIES = YES;
				BUNDLE_LOADER = "$(TEST_HOST)";
				CODE_SIGN_STYLE = Automatic;
				DEVELOPMENT_TEAM = T92U5TKB4F;
				INFOPLIST_FILE = YouikuhiCalculationTests/Info.plist;
				IPHONEOS_DEPLOYMENT_TARGET = 14.2;
				LD_RUNPATH_SEARCH_PATHS = (
					"$(inherited)",
					"@executable_path/Frameworks",
					"@loader_path/Frameworks",
				);
				PRODUCT_BUNDLE_IDENTIFIER = com.table.YouikuhiCalculationTests;
				PRODUCT_NAME = "$(TARGET_NAME)";
				SWIFT_VERSION = 5.0;
				TARGETED_DEVICE_FAMILY = "1,2";
				TEST_HOST = "$(BUILT_PRODUCTS_DIR)/YouikuhiCalculation.app/YouikuhiCalculation";
			};
			name = Release;
		};
		4244AE1626230DB100271BD0 /* Debug */ = {
			isa = XCBuildConfiguration;
			baseConfigurationReference = 868A7484B26F69E0CC198357 /* Pods-YouikuhiCalculation-YouikuhiCalculationUITests.debug.xcconfig */;
			buildSettings = {
				ALWAYS_EMBED_SWIFT_STANDARD_LIBRARIES = YES;
				CODE_SIGN_STYLE = Automatic;
				DEVELOPMENT_TEAM = T92U5TKB4F;
				INFOPLIST_FILE = YouikuhiCalculationUITests/Info.plist;
				LD_RUNPATH_SEARCH_PATHS = (
					"$(inherited)",
					"@executable_path/Frameworks",
					"@loader_path/Frameworks",
				);
				PRODUCT_BUNDLE_IDENTIFIER = com.table.YouikuhiCalculationUITests;
				PRODUCT_NAME = "$(TARGET_NAME)";
				SWIFT_VERSION = 5.0;
				TARGETED_DEVICE_FAMILY = "1,2";
				TEST_TARGET_NAME = YouikuhiCalculation;
			};
			name = Debug;
		};
		4244AE1726230DB100271BD0 /* Release */ = {
			isa = XCBuildConfiguration;
			baseConfigurationReference = 5056F2A9C7434047EF6F32D1 /* Pods-YouikuhiCalculation-YouikuhiCalculationUITests.release.xcconfig */;
			buildSettings = {
				ALWAYS_EMBED_SWIFT_STANDARD_LIBRARIES = YES;
				CODE_SIGN_STYLE = Automatic;
				DEVELOPMENT_TEAM = T92U5TKB4F;
				INFOPLIST_FILE = YouikuhiCalculationUITests/Info.plist;
				LD_RUNPATH_SEARCH_PATHS = (
					"$(inherited)",
					"@executable_path/Frameworks",
					"@loader_path/Frameworks",
				);
				PRODUCT_BUNDLE_IDENTIFIER = com.table.YouikuhiCalculationUITests;
				PRODUCT_NAME = "$(TARGET_NAME)";
				SWIFT_VERSION = 5.0;
				TARGETED_DEVICE_FAMILY = "1,2";
				TEST_TARGET_NAME = YouikuhiCalculation;
			};
			name = Release;
		};
/* End XCBuildConfiguration section */

/* Begin XCConfigurationList section */
		4244ADE026230DAC00271BD0 /* Build configuration list for PBXProject "YouikuhiCalculation" */ = {
			isa = XCConfigurationList;
			buildConfigurations = (
				4244AE0D26230DB100271BD0 /* Debug */,
				4244AE0E26230DB100271BD0 /* Release */,
			);
			defaultConfigurationIsVisible = 0;
			defaultConfigurationName = Release;
		};
		4244AE0F26230DB100271BD0 /* Build configuration list for PBXNativeTarget "YouikuhiCalculation" */ = {
			isa = XCConfigurationList;
			buildConfigurations = (
				4244AE1026230DB100271BD0 /* Debug */,
				4244AE1126230DB100271BD0 /* Release */,
			);
			defaultConfigurationIsVisible = 0;
			defaultConfigurationName = Release;
		};
		4244AE1226230DB100271BD0 /* Build configuration list for PBXNativeTarget "YouikuhiCalculationTests" */ = {
			isa = XCConfigurationList;
			buildConfigurations = (
				4244AE1326230DB100271BD0 /* Debug */,
				4244AE1426230DB100271BD0 /* Release */,
			);
			defaultConfigurationIsVisible = 0;
			defaultConfigurationName = Release;
		};
		4244AE1526230DB100271BD0 /* Build configuration list for PBXNativeTarget "YouikuhiCalculationUITests" */ = {
			isa = XCConfigurationList;
			buildConfigurations = (
				4244AE1626230DB100271BD0 /* Debug */,
				4244AE1726230DB100271BD0 /* Release */,
			);
			defaultConfigurationIsVisible = 0;
			defaultConfigurationName = Release;
		};
/* End XCConfigurationList section */
	};
	rootObject = 4244ADDD26230DAC00271BD0 /* Project object */;
}
